
Microsoft Visual Studio Solution File, Format Version 12.00
# Visual Studio 15
VisualStudioVersion = 15.0.27428.2011
MinimumVisualStudioVersion = 10.0.40219.1
Project("{FAE04EC0-301F-11D3-BF4B-00C04F79EFBC}") = "DataDevelop", "DataDevelop\DataDevelop.csproj", "{FA92F479-FF36-4E30-B6E1-BB1AF2BCCAC2}"
EndProject
Project("{FAE04EC0-301F-11D3-BF4B-00C04F79EFBC}") = "Core", "Core\Core.csproj", "{DCA7E7DC-93F3-42F9-999F-3935DB3BD249}"
EndProject
Global
	GlobalSection(SolutionConfigurationPlatforms) = preSolution
		Debug|Any CPU = Debug|Any CPU
		Debug|x86 = Debug|x86
		Release|Any CPU = Release|Any CPU
		Release|x86 = Release|x86
	EndGlobalSection
	GlobalSection(ProjectConfigurationPlatforms) = postSolution
		{FA92F479-FF36-4E30-B6E1-BB1AF2BCCAC2}.Debug|Any CPU.ActiveCfg = Debug|Any CPU
		{FA92F479-FF36-4E30-B6E1-BB1AF2BCCAC2}.Debug|Any CPU.Build.0 = Debug|Any CPU
		{FA92F479-FF36-4E30-B6E1-BB1AF2BCCAC2}.Debug|x86.ActiveCfg = Debug|x86
		{FA92F479-FF36-4E30-B6E1-BB1AF2BCCAC2}.Debug|x86.Build.0 = Debug|x86
		{FA92F479-FF36-4E30-B6E1-BB1AF2BCCAC2}.Release|Any CPU.ActiveCfg = Release|Any CPU
		{FA92F479-FF36-4E30-B6E1-BB1AF2BCCAC2}.Release|Any CPU.Build.0 = Release|Any CPU
		{FA92F479-FF36-4E30-B6E1-BB1AF2BCCAC2}.Release|x86.ActiveCfg = Release|x86
		{FA92F479-FF36-4E30-B6E1-BB1AF2BCCAC2}.Release|x86.Build.0 = Release|x86
		{DCA7E7DC-93F3-42F9-999F-3935DB3BD249}.Debug|Any CPU.ActiveCfg = Debug|Any CPU
		{DCA7E7DC-93F3-42F9-999F-3935DB3BD249}.Debug|Any CPU.Build.0 = Debug|Any CPU
		{DCA7E7DC-93F3-42F9-999F-3935DB3BD249}.Debug|x86.ActiveCfg = Debug|x86
		{DCA7E7DC-93F3-42F9-999F-3935DB3BD249}.Debug|x86.Build.0 = Debug|x86
		{DCA7E7DC-93F3-42F9-999F-3935DB3BD249}.Release|Any CPU.ActiveCfg = Release|Any CPU
		{DCA7E7DC-93F3-42F9-999F-3935DB3BD249}.Release|Any CPU.Build.0 = Release|Any CPU
		{DCA7E7DC-93F3-42F9-999F-3935DB3BD249}.Release|x86.ActiveCfg = Release|x86
		{DCA7E7DC-93F3-42F9-999F-3935DB3BD249}.Release|x86.Build.0 = Release|x86
	EndGlobalSection
	GlobalSection(SolutionProperties) = preSolution
		HideSolutionNode = FALSE
	EndGlobalSection
	GlobalSection(ExtensibilityGlobals) = postSolution
		SolutionGuid = {375EE180-3E40-4D23-834E-86A530271BEE}
	EndGlobalSection
EndGlobal
